
Microsoft Visual Studio Solution File, Format Version 12.00
# Visual Studio 15
VisualStudioVersion = 15.0.27004.2000
MinimumVisualStudioVersion = 10.0.40219.1
Project("{D954291E-2A0B-460D-934E-DC6B0785DB48}") = "App1", "App1\App1\App1.shproj", "{75F8DFF6-28FF-4923-941C-FA969A0F6CAF}"
EndProject
Project("{FAE04EC0-301F-11D3-BF4B-00C04F79EFBC}") = "App1.Android", "App1\App1.Android\App1.Android.csproj", "{5CBD21E1-A426-4AB8-B604-66582392BFE0}"
EndProject
Project("{FAE04EC0-301F-11D3-BF4B-00C04F79EFBC}") = "App1.iOS", "App1\App1.iOS\App1.iOS.csproj", "{601317AE-2D23-467F-849A-0742DEDAC300}"
EndProject
Project("{FAE04EC0-301F-11D3-BF4B-00C04F79EFBC}") = "App1.UWP", "App1\App1.UWP\App1.UWP.csproj", "{17D09A0A-E455-4F36-A38C-00F3F393667A}"
EndProject
Global
	GlobalSection(SharedMSBuildProjectFiles) = preSolution
		App1\App1\App1.projitems*{17d09a0a-e455-4f36-a38c-00f3f393667a}*SharedItemsImports = 4
		App1\App1\App1.projitems*{5cbd21e1-a426-4ab8-b604-66582392bfe0}*SharedItemsImports = 4
		App1\App1\App1.projitems*{601317ae-2d23-467f-849a-0742dedac300}*SharedItemsImports = 4
		App1\App1\App1.projitems*{75f8dff6-28ff-4923-941c-fa969a0f6caf}*SharedItemsImports = 13
	EndGlobalSection
	GlobalSection(SolutionConfigurationPlatforms) = preSolution
		Ad-Hoc|Any CPU = Ad-Hoc|Any CPU
		Ad-Hoc|ARM = Ad-Hoc|ARM
		Ad-Hoc|iPhone = Ad-Hoc|iPhone
		Ad-Hoc|iPhoneSimulator = Ad-Hoc|iPhoneSimulator
		Ad-Hoc|x64 = Ad-Hoc|x64
		Ad-Hoc|x86 = Ad-Hoc|x86
		AppStore|Any CPU = AppStore|Any CPU
		AppStore|ARM = AppStore|ARM
		AppStore|iPhone = AppStore|iPhone
		AppStore|iPhoneSimulator = AppStore|iPhoneSimulator
		AppStore|x64 = AppStore|x64
		AppStore|x86 = AppStore|x86
		Debug|Any CPU = Debug|Any CPU
		Debug|ARM = Debug|ARM
		Debug|iPhone = Debug|iPhone
		Debug|iPhoneSimulator = Debug|iPhoneSimulator
		Debug|x64 = Debug|x64
		Debug|x86 = Debug|x86
		Release|Any CPU = Release|Any CPU
		Release|ARM = Release|ARM
		Release|iPhone = Release|iPhone
		Release|iPhoneSimulator = Release|iPhoneSimulator
		Release|x64 = Release|x64
		Release|x86 = Release|x86
	EndGlobalSection
	GlobalSection(ProjectConfigurationPlatforms) = postSolution
		{5CBD21E1-A426-4AB8-B604-66582392BFE0}.Ad-Hoc|Any CPU.ActiveCfg = Release|Any CPU
		{5CBD21E1-A426-4AB8-B604-66582392BFE0}.Ad-Hoc|Any CPU.Build.0 = Release|Any CPU
		{5CBD21E1-A426-4AB8-B604-66582392BFE0}.Ad-Hoc|Any CPU.Deploy.0 = Release|Any CPU
		{5CBD21E1-A426-4AB8-B604-66582392BFE0}.Ad-Hoc|ARM.ActiveCfg = Release|Any CPU
		{5CBD21E1-A426-4AB8-B604-66582392BFE0}.Ad-Hoc|ARM.Build.0 = Release|Any CPU
		{5CBD21E1-A426-4AB8-B604-66582392BFE0}.Ad-Hoc|ARM.Deploy.0 = Release|Any CPU
		{5CBD21E1-A426-4AB8-B604-66582392BFE0}.Ad-Hoc|iPhone.ActiveCfg = Release|Any CPU
		{5CBD21E1-A426-4AB8-B604-66582392BFE0}.Ad-Hoc|iPhone.Build.0 = Release|Any CPU
		{5CBD21E1-A426-4AB8-B604-66582392BFE0}.Ad-Hoc|iPhone.Deploy.0 = Release|Any CPU
		{5CBD21E1-A426-4AB8-B604-66582392BFE0}.Ad-Hoc|iPhoneSimulator.ActiveCfg = Release|Any CPU
		{5CBD21E1-A426-4AB8-B604-66582392BFE0}.Ad-Hoc|iPhoneSimulator.Build.0 = Release|Any CPU
		{5CBD21E1-A426-4AB8-B604-66582392BFE0}.Ad-Hoc|iPhoneSimulator.Deploy.0 = Release|Any CPU
		{5CBD21E1-A426-4AB8-B604-66582392BFE0}.Ad-Hoc|x64.ActiveCfg = Release|Any CPU
		{5CBD21E1-A426-4AB8-B604-66582392BFE0}.Ad-Hoc|x64.Build.0 = Release|Any CPU
		{5CBD21E1-A426-4AB8-B604-66582392BFE0}.Ad-Hoc|x64.Deploy.0 = Release|Any CPU
		{5CBD21E1-A426-4AB8-B604-66582392BFE0}.Ad-Hoc|x86.ActiveCfg = Release|Any CPU
		{5CBD21E1-A426-4AB8-B604-66582392BFE0}.Ad-Hoc|x86.Build.0 = Release|Any CPU
		{5CBD21E1-A426-4AB8-B604-66582392BFE0}.Ad-Hoc|x86.Deploy.0 = Release|Any CPU
		{5CBD21E1-A426-4AB8-B604-66582392BFE0}.AppStore|Any CPU.ActiveCfg = Release|Any CPU
		{5CBD21E1-A426-4AB8-B604-66582392BFE0}.AppStore|Any CPU.Build.0 = Release|Any CPU
		{5CBD21E1-A426-4AB8-B604-66582392BFE0}.AppStore|Any CPU.Deploy.0 = Release|Any CPU
		{5CBD21E1-A426-4AB8-B604-66582392BFE0}.AppStore|ARM.ActiveCfg = Release|Any CPU
		{5CBD21E1-A426-4AB8-B604-66582392BFE0}.AppStore|ARM.Build.0 = Release|Any CPU
		{5CBD21E1-A426-4AB8-B604-66582392BFE0}.AppStore|ARM.Deploy.0 = Release|Any CPU
		{5CBD21E1-A426-4AB8-B604-66582392BFE0}.AppStore|iPhone.ActiveCfg = Release|Any CPU
		{5CBD21E1-A426-4AB8-B604-66582392BFE0}.AppStore|iPhone.Build.0 = Release|Any CPU
		{5CBD21E1-A426-4AB8-B604-66582392BFE0}.AppStore|iPhone.Deploy.0 = Release|Any CPU
		{5CBD21E1-A426-4AB8-B604-66582392BFE0}.AppStore|iPhoneSimulator.ActiveCfg = Release|Any CPU
		{5CBD21E1-A426-4AB8-B604-66582392BFE0}.AppStore|iPhoneSimulator.Build.0 = Release|Any CPU
		{5CBD21E1-A426-4AB8-B604-66582392BFE0}.AppStore|iPhoneSimulator.Deploy.0 = Release|Any CPU
		{5CBD21E1-A426-4AB8-B604-66582392BFE0}.AppStore|x64.ActiveCfg = Release|Any CPU
		{5CBD21E1-A426-4AB8-B604-66582392BFE0}.AppStore|x64.Build.0 = Release|Any CPU
		{5CBD21E1-A426-4AB8-B604-66582392BFE0}.AppStore|x64.Deploy.0 = Release|Any CPU
		{5CBD21E1-A426-4AB8-B604-66582392BFE0}.AppStore|x86.ActiveCfg = Release|Any CPU
		{5CBD21E1-A426-4AB8-B604-66582392BFE0}.AppStore|x86.Build.0 = Release|Any CPU
		{5CBD21E1-A426-4AB8-B604-66582392BFE0}.AppStore|x86.Deploy.0 = Release|Any CPU
		{5CBD21E1-A426-4AB8-B604-66582392BFE0}.Debug|Any CPU.ActiveCfg = Debug|Any CPU
		{5CBD21E1-A426-4AB8-B604-66582392BFE0}.Debug|Any CPU.Build.0 = Debug|Any CPU
		{5CBD21E1-A426-4AB8-B604-66582392BFE0}.Debug|Any CPU.Deploy.0 = Debug|Any CPU
		{5CBD21E1-A426-4AB8-B604-66582392BFE0}.Debug|ARM.ActiveCfg = Debug|Any CPU
		{5CBD21E1-A426-4AB8-B604-66582392BFE0}.Debug|ARM.Build.0 = Debug|Any CPU
		{5CBD21E1-A426-4AB8-B604-66582392BFE0}.Debug|ARM.Deploy.0 = Debug|Any CPU
		{5CBD21E1-A426-4AB8-B604-66582392BFE0}.Debug|iPhone.ActiveCfg = Debug|Any CPU
		{5CBD21E1-A426-4AB8-B604-66582392BFE0}.Debug|iPhone.Build.0 = Debug|Any CPU
		{5CBD21E1-A426-4AB8-B604-66582392BFE0}.Debug|iPhone.Deploy.0 = Debug|Any CPU
		{5CBD21E1-A426-4AB8-B604-66582392BFE0}.Debug|iPhoneSimulator.ActiveCfg = Debug|Any CPU
		{5CBD21E1-A426-4AB8-B604-66582392BFE0}.Debug|iPhoneSimulator.Build.0 = Debug|Any CPU
		{5CBD21E1-A426-4AB8-B604-66582392BFE0}.Debug|iPhoneSimulator.Deploy.0 = Debug|Any CPU
		{5CBD21E1-A426-4AB8-B604-66582392BFE0}.Debug|x64.ActiveCfg = Debug|Any CPU
		{5CBD21E1-A426-4AB8-B604-66582392BFE0}.Debug|x64.Build.0 = Debug|Any CPU
		{5CBD21E1-A426-4AB8-B604-66582392BFE0}.Debug|x64.Deploy.0 = Debug|Any CPU
		{5CBD21E1-A426-4AB8-B604-66582392BFE0}.Debug|x86.ActiveCfg = Debug|Any CPU
		{5CBD21E1-A426-4AB8-B604-66582392BFE0}.Debug|x86.Build.0 = Debug|Any CPU
		{5CBD21E1-A426-4AB8-B604-66582392BFE0}.Debug|x86.Deploy.0 = Debug|Any CPU
		{5CBD21E1-A426-4AB8-B604-66582392BFE0}.Release|Any CPU.ActiveCfg = Release|Any CPU
		{5CBD21E1-A426-4AB8-B604-66582392BFE0}.Release|Any CPU.Build.0 = Release|Any CPU
		{5CBD21E1-A426-4AB8-B604-66582392BFE0}.Release|Any CPU.Deploy.0 = Release|Any CPU
		{5CBD21E1-A426-4AB8-B604-66582392BFE0}.Release|ARM.ActiveCfg = Release|Any CPU
		{5CBD21E1-A426-4AB8-B604-66582392BFE0}.Release|ARM.Build.0 = Release|Any CPU
		{5CBD21E1-A426-4AB8-B604-66582392BFE0}.Release|ARM.Deploy.0 = Release|Any CPU
		{5CBD21E1-A426-4AB8-B604-66582392BFE0}.Release|iPhone.ActiveCfg = Release|Any CPU
		{5CBD21E1-A426-4AB8-B604-66582392BFE0}.Release|iPhone.Build.0 = Release|Any CPU
		{5CBD21E1-A426-4AB8-B604-66582392BFE0}.Release|iPhone.Deploy.0 = Release|Any CPU
		{5CBD21E1-A426-4AB8-B604-66582392BFE0}.Release|iPhoneSimulator.ActiveCfg = Release|Any CPU
		{5CBD21E1-A426-4AB8-B604-66582392BFE0}.Release|iPhoneSimulator.Build.0 = Release|Any CPU
		{5CBD21E1-A426-4AB8-B604-66582392BFE0}.Release|iPhoneSimulator.Deploy.0 = Release|Any CPU
		{5CBD21E1-A426-4AB8-B604-66582392BFE0}.Release|x64.ActiveCfg = Release|Any CPU
		{5CBD21E1-A426-4AB8-B604-66582392BFE0}.Release|x64.Build.0 = Release|Any CPU
		{5CBD21E1-A426-4AB8-B604-66582392BFE0}.Release|x64.Deploy.0 = Release|Any CPU
		{5CBD21E1-A426-4AB8-B604-66582392BFE0}.Release|x86.ActiveCfg = Release|Any CPU
		{5CBD21E1-A426-4AB8-B604-66582392BFE0}.Release|x86.Build.0 = Release|Any CPU
		{5CBD21E1-A426-4AB8-B604-66582392BFE0}.Release|x86.Deploy.0 = Release|Any CPU
		{601317AE-2D23-467F-849A-0742DEDAC300}.Ad-Hoc|Any CPU.ActiveCfg = Ad-Hoc|iPhoneSimulator
		{601317AE-2D23-467F-849A-0742DEDAC300}.Ad-Hoc|ARM.ActiveCfg = Ad-Hoc|iPhone
		{601317AE-2D23-467F-849A-0742DEDAC300}.Ad-Hoc|iPhone.ActiveCfg = Ad-Hoc|iPhone
		{601317AE-2D23-467F-849A-0742DEDAC300}.Ad-Hoc|iPhone.Build.0 = Ad-Hoc|iPhone
		{601317AE-2D23-467F-849A-0742DEDAC300}.Ad-Hoc|iPhoneSimulator.ActiveCfg = Ad-Hoc|iPhoneSimulator
		{601317AE-2D23-467F-849A-0742DEDAC300}.Ad-Hoc|iPhoneSimulator.Build.0 = Ad-Hoc|iPhoneSimulator
		{601317AE-2D23-467F-849A-0742DEDAC300}.Ad-Hoc|x64.ActiveCfg = Ad-Hoc|iPhone
		{601317AE-2D23-467F-849A-0742DEDAC300}.Ad-Hoc|x86.ActiveCfg = Ad-Hoc|iPhone
		{601317AE-2D23-467F-849A-0742DEDAC300}.AppStore|Any CPU.ActiveCfg = AppStore|iPhoneSimulator
		{601317AE-2D23-467F-849A-0742DEDAC300}.AppStore|ARM.ActiveCfg = AppStore|iPhone
		{601317AE-2D23-467F-849A-0742DEDAC300}.AppStore|iPhone.ActiveCfg = AppStore|iPhone
		{601317AE-2D23-467F-849A-0742DEDAC300}.AppStore|iPhone.Build.0 = AppStore|iPhone
		{601317AE-2D23-467F-849A-0742DEDAC300}.AppStore|iPhoneSimulator.ActiveCfg = AppStore|iPhoneSimulator
		{601317AE-2D23-467F-849A-0742DEDAC300}.AppStore|iPhoneSimulator.Build.0 = AppStore|iPhoneSimulator
		{601317AE-2D23-467F-849A-0742DEDAC300}.AppStore|x64.ActiveCfg = AppStore|iPhone
		{601317AE-2D23-467F-849A-0742DEDAC300}.AppStore|x86.ActiveCfg = AppStore|iPhone
		{601317AE-2D23-467F-849A-0742DEDAC300}.Debug|Any CPU.ActiveCfg = Debug|iPhoneSimulator
		{601317AE-2D23-467F-849A-0742DEDAC300}.Debug|ARM.ActiveCfg = Debug|iPhone
		{601317AE-2D23-467F-849A-0742DEDAC300}.Debug|iPhone.ActiveCfg = Debug|iPhone
		{601317AE-2D23-467F-849A-0742DEDAC300}.Debug|iPhone.Build.0 = Debug|iPhone
		{601317AE-2D23-467F-849A-0742DEDAC300}.Debug|iPhoneSimulator.ActiveCfg = Debug|iPhoneSimulator
		{601317AE-2D23-467F-849A-0742DEDAC300}.Debug|iPhoneSimulator.Build.0 = Debug|iPhoneSimulator
		{601317AE-2D23-467F-849A-0742DEDAC300}.Debug|x64.ActiveCfg = Debug|iPhone
		{601317AE-2D23-467F-849A-0742DEDAC300}.Debug|x86.ActiveCfg = Debug|iPhone
		{601317AE-2D23-467F-849A-0742DEDAC300}.Release|Any CPU.ActiveCfg = Release|iPhoneSimulator
		{601317AE-2D23-467F-849A-0742DEDAC300}.Release|ARM.ActiveCfg = Release|iPhone
		{601317AE-2D23-467F-849A-0742DEDAC300}.Release|iPhone.ActiveCfg = Release|iPhone
		{601317AE-2D23-467F-849A-0742DEDAC300}.Release|iPhone.Build.0 = Release|iPhone
		{601317AE-2D23-467F-849A-0742DEDAC300}.Release|iPhoneSimulator.ActiveCfg = Release|iPhoneSimulator
		{601317AE-2D23-467F-849A-0742DEDAC300}.Release|iPhoneSimulator.Build.0 = Release|iPhoneSimulator
		{601317AE-2D23-467F-849A-0742DEDAC300}.Release|x64.ActiveCfg = Release|iPhone
		{601317AE-2D23-467F-849A-0742DEDAC300}.Release|x86.ActiveCfg = Release|iPhone
		{17D09A0A-E455-4F36-A38C-00F3F393667A}.Ad-Hoc|Any CPU.ActiveCfg = Release|x86
		{17D09A0A-E455-4F36-A38C-00F3F393667A}.Ad-Hoc|Any CPU.Build.0 = Release|x86
		{17D09A0A-E455-4F36-A38C-00F3F393667A}.Ad-Hoc|Any CPU.Deploy.0 = Release|x86
		{17D09A0A-E455-4F36-A38C-00F3F393667A}.Ad-Hoc|ARM.ActiveCfg = Release|ARM
		{17D09A0A-E455-4F36-A38C-00F3F393667A}.Ad-Hoc|ARM.Build.0 = Release|ARM
		{17D09A0A-E455-4F36-A38C-00F3F393667A}.Ad-Hoc|ARM.Deploy.0 = Release|ARM
		{17D09A0A-E455-4F36-A38C-00F3F393667A}.Ad-Hoc|iPhone.ActiveCfg = Release|x86
		{17D09A0A-E455-4F36-A38C-00F3F393667A}.Ad-Hoc|iPhone.Build.0 = Release|x86
		{17D09A0A-E455-4F36-A38C-00F3F393667A}.Ad-Hoc|iPhone.Deploy.0 = Release|x86
		{17D09A0A-E455-4F36-A38C-00F3F393667A}.Ad-Hoc|iPhoneSimulator.ActiveCfg = Release|x86
		{17D09A0A-E455-4F36-A38C-00F3F393667A}.Ad-Hoc|iPhoneSimulator.Build.0 = Release|x86
		{17D09A0A-E455-4F36-A38C-00F3F393667A}.Ad-Hoc|iPhoneSimulator.Deploy.0 = Release|x86
		{17D09A0A-E455-4F36-A38C-00F3F393667A}.Ad-Hoc|x64.ActiveCfg = Release|x64
		{17D09A0A-E455-4F36-A38C-00F3F393667A}.Ad-Hoc|x64.Build.0 = Release|x64
		{17D09A0A-E455-4F36-A38C-00F3F393667A}.Ad-Hoc|x64.Deploy.0 = Release|x64
		{17D09A0A-E455-4F36-A38C-00F3F393667A}.Ad-Hoc|x86.ActiveCfg = Release|x86
		{17D09A0A-E455-4F36-A38C-00F3F393667A}.Ad-Hoc|x86.Build.0 = Release|x86
		{17D09A0A-E455-4F36-A38C-00F3F393667A}.Ad-Hoc|x86.Deploy.0 = Release|x86
		{17D09A0A-E455-4F36-A38C-00F3F393667A}.AppStore|Any CPU.ActiveCfg = Release|x86
		{17D09A0A-E455-4F36-A38C-00F3F393667A}.AppStore|Any CPU.Build.0 = Release|x86
		{17D09A0A-E455-4F36-A38C-00F3F393667A}.AppStore|Any CPU.Deploy.0 = Release|x86
		{17D09A0A-E455-4F36-A38C-00F3F393667A}.AppStore|ARM.ActiveCfg = Release|ARM
		{17D09A0A-E455-4F36-A38C-00F3F393667A}.AppStore|ARM.Build.0 = Release|ARM
		{17D09A0A-E455-4F36-A38C-00F3F393667A}.AppStore|ARM.Deploy.0 = Release|ARM
		{17D09A0A-E455-4F36-A38C-00F3F393667A}.AppStore|iPhone.ActiveCfg = Release|x86
		{17D09A0A-E455-4F36-A38C-00F3F393667A}.AppStore|iPhone.Build.0 = Release|x86
		{17D09A0A-E455-4F36-A38C-00F3F393667A}.AppStore|iPhone.Deploy.0 = Release|x86
		{17D09A0A-E455-4F36-A38C-00F3F393667A}.AppStore|iPhoneSimulator.ActiveCfg = Release|x86
		{17D09A0A-E455-4F36-A38C-00F3F393667A}.AppStore|iPhoneSimulator.Build.0 = Release|x86
		{17D09A0A-E455-4F36-A38C-00F3F393667A}.AppStore|iPhoneSimulator.Deploy.0 = Release|x86
		{17D09A0A-E455-4F36-A38C-00F3F393667A}.AppStore|x64.ActiveCfg = Release|x64
		{17D09A0A-E455-4F36-A38C-00F3F393667A}.AppStore|x64.Build.0 = Release|x64
		{17D09A0A-E455-4F36-A38C-00F3F393667A}.AppStore|x64.Deploy.0 = Release|x64
		{17D09A0A-E455-4F36-A38C-00F3F393667A}.AppStore|x86.ActiveCfg = Release|x86
		{17D09A0A-E455-4F36-A38C-00F3F393667A}.AppStore|x86.Build.0 = Release|x86
		{17D09A0A-E455-4F36-A38C-00F3F393667A}.AppStore|x86.Deploy.0 = Release|x86
		{17D09A0A-E455-4F36-A38C-00F3F393667A}.Debug|Any CPU.ActiveCfg = Debug|x86
		{17D09A0A-E455-4F36-A38C-00F3F393667A}.Debug|ARM.ActiveCfg = Debug|ARM
		{17D09A0A-E455-4F36-A38C-00F3F393667A}.Debug|ARM.Build.0 = Debug|ARM
		{17D09A0A-E455-4F36-A38C-00F3F393667A}.Debug|ARM.Deploy.0 = Debug|ARM
		{17D09A0A-E455-4F36-A38C-00F3F393667A}.Debug|iPhone.ActiveCfg = Debug|x86
		{17D09A0A-E455-4F36-A38C-00F3F393667A}.Debug|iPhoneSimulator.ActiveCfg = Debug|x86
		{17D09A0A-E455-4F36-A38C-00F3F393667A}.Debug|x64.ActiveCfg = Debug|x64
		{17D09A0A-E455-4F36-A38C-00F3F393667A}.Debug|x64.Build.0 = Debug|x64
		{17D09A0A-E455-4F36-A38C-00F3F393667A}.Debug|x64.Deploy.0 = Debug|x64
		{17D09A0A-E455-4F36-A38C-00F3F393667A}.Debug|x86.ActiveCfg = Debug|x86
		{17D09A0A-E455-4F36-A38C-00F3F393667A}.Debug|x86.Build.0 = Debug|x86
		{17D09A0A-E455-4F36-A38C-00F3F393667A}.Debug|x86.Deploy.0 = Debug|x86
		{17D09A0A-E455-4F36-A38C-00F3F393667A}.Release|Any CPU.ActiveCfg = Release|x86
		{17D09A0A-E455-4F36-A38C-00F3F393667A}.Release|ARM.ActiveCfg = Release|ARM
		{17D09A0A-E455-4F36-A38C-00F3F393667A}.Release|ARM.Build.0 = Release|ARM
		{17D09A0A-E455-4F36-A38C-00F3F393667A}.Release|ARM.Deploy.0 = Release|ARM
		{17D09A0A-E455-4F36-A38C-00F3F393667A}.Release|iPhone.ActiveCfg = Release|x86
		{17D09A0A-E455-4F36-A38C-00F3F393667A}.Release|iPhoneSimulator.ActiveCfg = Release|x86
		{17D09A0A-E455-4F36-A38C-00F3F393667A}.Release|x64.ActiveCfg = Release|x64
		{17D09A0A-E455-4F36-A38C-00F3F393667A}.Release|x64.Build.0 = Release|x64
		{17D09A0A-E455-4F36-A38C-00F3F393667A}.Release|x64.Deploy.0 = Release|x64
		{17D09A0A-E455-4F36-A38C-00F3F393667A}.Release|x86.ActiveCfg = Release|x86
		{17D09A0A-E455-4F36-A38C-00F3F393667A}.Release|x86.Build.0 = Release|x86
		{17D09A0A-E455-4F36-A38C-00F3F393667A}.Release|x86.Deploy.0 = Release|x86
	EndGlobalSection
	GlobalSection(SolutionProperties) = preSolution
		HideSolutionNode = FALSE
	EndGlobalSection
	GlobalSection(ExtensibilityGlobals) = postSolution
		SolutionGuid = {0155ED61-12B8-4043-BFB9-13E49C60A389}
	EndGlobalSection
EndGlobal
